# THIS IS AN AUTOGENERATED FILE. DO NOT EDIT THIS FILE DIRECTLY.
# yarn lockfile v1


"@playwright/test@^1.38.1":
  version "1.38.1"
  resolved "https://artifactory.hootops.com:443/artifactory/api/npm/hootsuite-npm/@playwright/test/-/test-1.38.1.tgz"
  integrity sha512-NqRp8XMwj3AK+zKLbZShl0r/9wKgzqI/527bkptKXomtuo+dOjU9NdMASQ8DNC9z9zLOMbG53T4eihYr3XR+BQ==
  dependencies:
    playwright "1.38.1"

"@types/node@^20.7.1":
  version "20.8.2"
  resolved "https://artifactory.hootops.com:443/artifactory/api/npm/hootsuite-npm/@types/node/-/node-20.8.2.tgz"
  integrity sha512-Vvycsc9FQdwhxE3y3DzeIxuEJbWGDsnrxvMADzTDF/lcdR9/K+AQIeAghTQsHtotg/q0j3WEOYS/jQgSdWue3w==

fsevents@2.3.2:
  version "2.3.2"
  resolved "https://artifactory.hootops.com:443/artifactory/api/npm/hootsuite-npm/fsevents/-/fsevents-2.3.2.tgz"
  integrity sha512-xiqMQR4xAeHTuB9uWm+fFRcIOgKBMiOBP+eXiyT7jsgVCq1bkVygt00oASowB7EdtpOHaaPgKt812P9ab+DDKA==

moment@^2.29.4:
  version "2.29.4"
  resolved "https://artifactory.hootops.com:443/artifactory/api/npm/hootsuite-npm/moment/-/moment-2.29.4.tgz"
  integrity sha512-5LC9SOxjSc2HF6vO2CyuTDNivEdoz2IvyJJGj6X8DJ0eFyfszE0QiEd+iXmBvUP3WHxSjFH/vIsA0EN00cgr8w==

playwright-core@1.38.1:
  version "1.38.1"
  resolved "https://artifactory.hootops.com:443/artifactory/api/npm/hootsuite-npm/playwright-core/-/playwright-core-1.38.1.tgz"
  integrity sha512-tQqNFUKa3OfMf4b2jQ7aGLB8o9bS3bOY0yMEtldtC2+spf8QXG9zvXLTXUeRsoNuxEYMgLYR+NXfAa1rjKRcrg==

playwright@1.38.1:
  version "1.38.1"
  resolved "https://artifactory.hootops.com:443/artifactory/api/npm/hootsuite-npm/playwright/-/playwright-1.38.1.tgz"
  integrity sha512-oRMSJmZrOu1FP5iu3UrCx8JEFRIMxLDM0c/3o4bpzU5Tz97BypefWf7TuTNPWeCe279TPal5RtPPZ+9lW/Qkow==
  dependencies:
    playwright-core "1.38.1"
  optionalDependencies:
    fsevents "2.3.2"
