# THIS IS AN AUTOGENERATED FILE. DO NOT EDIT THIS FILE DIRECTLY.
# yarn lockfile v1


"@playwright/test@^1.38.1":
  version "1.38.1"
  resolved "https://artifactory.hootops.com:443/artifactory/api/npm/hootsuite-npm/@playwright/test/-/test-1.38.1.tgz"
  integrity sha512-NqRp8XMwj3AK+zKLbZShl0r/9wKgzqI/527bkptKXomtuo+dOjU9NdMASQ8DNC9z9zLOMbG53T4eihYr3XR+BQ==
  dependencies:
    playwright "1.38.1"

"@saucelabs/bin-wrapper@^1.0.0":
  version "1.0.0"
  resolved "https://artifactory.hootops.com:443/artifactory/api/npm/hootsuite-npm/@saucelabs/bin-wrapper/-/bin-wrapper-1.0.0.tgz#23f5dec112fd640c5168205350cfbab00c95cd7b"
  integrity sha512-hZFvysRjf9Ld7F32X3ZEhnoNGUAc//dk7hjDqVIE5kp3Z25ffuryp/4nwLYVIBv+o72VR1xcNCNGJBR9YETiPQ==
  dependencies:
    adm-zip "^0.5.10"
    axios "^1.5.1"
    https-proxy-agent "^7.0.2"
    tar-stream "^3.1.6"

"@types/node@^20.7.1":
  version "20.8.2"
  resolved "https://artifactory.hootops.com:443/artifactory/api/npm/hootsuite-npm/@types/node/-/node-20.8.2.tgz"
  integrity sha512-Vvycsc9FQdwhxE3y3DzeIxuEJbWGDsnrxvMADzTDF/lcdR9/K+AQIeAghTQsHtotg/q0j3WEOYS/jQgSdWue3w==

adm-zip@^0.5.10:
  version "0.5.10"
  resolved "https://artifactory.hootops.com:443/artifactory/api/npm/hootsuite-npm/adm-zip/-/adm-zip-0.5.10.tgz"
  integrity sha512-x0HvcHqVJNTPk/Bw8JbLWlWoo6Wwnsug0fnYYro1HBrjxZ3G7/AZk7Ahv8JwDe1uIcz8eBqvu86FuF1POiG7vQ==

agent-base@^7.0.2:
  version "7.1.0"
  resolved "https://artifactory.hootops.com:443/artifactory/api/npm/hootsuite-npm/agent-base/-/agent-base-7.1.0.tgz#536802b76bc0b34aa50195eb2442276d613e3434"
  integrity sha512-o/zjMZRhJxny7OyEF+Op8X+efiELC7k7yOjMzgfzVqOzXqkBkWI79YoTdOtsuWd5BWhAGAuOY/Xa6xpiaWXiNg==
  dependencies:
    debug "^4.3.4"

asynckit@^0.4.0:
  version "0.4.0"
  resolved "https://artifactory.hootops.com:443/artifactory/api/npm/hootsuite-npm/asynckit/-/asynckit-0.4.0.tgz"
  integrity sha512-Oei9OH4tRh0YqU3GxhX79dM/mwVgvbZJaSNaRk+bshkj0S5cfHcgYakreBjrHwatXKbz+IoIdYLxrKim2MjW0Q==

axios@^1.5.1:
  version "1.6.0"
  resolved "https://artifactory.hootops.com:443/artifactory/api/npm/hootsuite-npm/axios/-/axios-1.6.0.tgz#f1e5292f26b2fd5c2e66876adc5b06cdbd7d2102"
  integrity sha512-EZ1DYihju9pwVB+jg67ogm+Tmqc6JmhamRN6I4Zt8DfZu5lbcQGw3ozH9lFejSJgs/ibaef3A9PMXPLeefFGJg==
  dependencies:
    follow-redirects "^1.15.0"
    form-data "^4.0.0"
    proxy-from-env "^1.1.0"

b4a@^1.6.4:
  version "1.6.4"
  resolved "https://artifactory.hootops.com:443/artifactory/api/npm/hootsuite-npm/b4a/-/b4a-1.6.4.tgz"
  integrity sha512-fpWrvyVHEKyeEvbKZTVOeZF3VSKKWtJxFIxX/jaVPf+cLbGUSitjb49pHLqPV2BUNNZ0LcoeEGfE/YCpyDYHIw==

call-bind@^1.0.0:
  version "1.0.5"
  resolved "https://artifactory.hootops.com:443/artifactory/api/npm/hootsuite-npm/call-bind/-/call-bind-1.0.5.tgz#6fa2b7845ce0ea49bf4d8b9ef64727a2c2e2e513"
  integrity sha512-C3nQxfFZxFRVoJoGKKI8y3MOEo129NQ+FgQ08iye+Mk4zNZZGdjfs06bVTr+DBSlA66Q2VEcMki/cUCP4SercQ==
  dependencies:
    function-bind "^1.1.2"
    get-intrinsic "^1.2.1"
    set-function-length "^1.1.1"

combined-stream@^1.0.8:
  version "1.0.8"
  resolved "https://artifactory.hootops.com:443/artifactory/api/npm/hootsuite-npm/combined-stream/-/combined-stream-1.0.8.tgz"
  integrity sha512-FQN4MRfuJeHf7cBbBMJFXhKSDq+2kAArBlmRBvcvFE5BB1HZKXtSFASDhdlz9zOYwxh8lDdnvmMOe/+5cdoEdg==
  dependencies:
    delayed-stream "~1.0.0"

debug@4, debug@^4.3.4:
  version "4.3.4"
  resolved "https://artifactory.hootops.com:443/artifactory/api/npm/hootsuite-npm/debug/-/debug-4.3.4.tgz"
  integrity sha512-PRWFHuSU3eDtQJPvnNY7Jcket1j0t5OuOsFzPPzsekD52Zl8qUfFIPEiswXqIvHWGVHOgX+7G/vCNNhehwxfkQ==
  dependencies:
    ms "2.1.2"

debug@^3.2.6:
  version "3.2.7"
  resolved "https://artifactory.hootops.com:443/artifactory/api/npm/hootsuite-npm/debug/-/debug-3.2.7.tgz#72580b7e9145fb39b6676f9c5e5fb100b934179a"
  integrity sha512-CFjzYYAi4ThfiQvizrFQevTTXHtnCqWfe7x1AhgEscTz6ZbLbfoLRLPugTQyBth6f8ZERVUSyWHFD/7Wu4t1XQ==
  dependencies:
    ms "^2.1.1"

define-data-property@^1.1.1:
  version "1.1.1"
  resolved "https://artifactory.hootops.com:443/artifactory/api/npm/hootsuite-npm/define-data-property/-/define-data-property-1.1.1.tgz#c35f7cd0ab09883480d12ac5cb213715587800b3"
  integrity sha512-E7uGkTzkk1d0ByLeSc6ZsFS79Axg+m1P/VsgYsxHgiuc3tFSj+MjMIwe90FC4lOAZzNBdY7kkO2P2wKdsQ1vgQ==
  dependencies:
    get-intrinsic "^1.2.1"
    gopd "^1.0.1"
    has-property-descriptors "^1.0.0"

delayed-stream@~1.0.0:
  version "1.0.0"
  resolved "https://artifactory.hootops.com:443/artifactory/api/npm/hootsuite-npm/delayed-stream/-/delayed-stream-1.0.0.tgz"
  integrity sha512-ZySD7Nf91aLB0RxL4KGrKHBXl7Eds1DAmEdcoVawXnLD7SDhpNgtuII2aAkg7a7QS41jxPSZ17p4VdGnMHk3MQ==

fast-fifo@^1.1.0, fast-fifo@^1.2.0:
  version "1.3.2"
  resolved "https://artifactory.hootops.com:443/artifactory/api/npm/hootsuite-npm/fast-fifo/-/fast-fifo-1.3.2.tgz"
  integrity sha512-/d9sfos4yxzpwkDkuN7k2SqFKtYNmCTzgfEpz82x34IM9/zc8KGxQoXg1liNC/izpRM/MBdt44Nmx41ZWqk+FQ==

follow-redirects@^1.15.0:
  version "1.15.3"
  resolved "https://artifactory.hootops.com:443/artifactory/api/npm/hootsuite-npm/follow-redirects/-/follow-redirects-1.15.3.tgz"
  integrity sha512-1VzOtuEM8pC9SFU1E+8KfTjZyMztRsgEfwQl44z8A25uy13jSzTj6dyK2Df52iV0vgHCfBwLhDWevLn95w5v6Q==

form-data@^4.0.0:
  version "4.0.0"
  resolved "https://artifactory.hootops.com:443/artifactory/api/npm/hootsuite-npm/form-data/-/form-data-4.0.0.tgz"
  integrity sha512-ETEklSGi5t0QMZuiXoA/Q6vcnxcLQP5vdugSpuAyi6SVGi2clPPp+xgEhuMaHC+zGgn31Kd235W35f7Hykkaww==
  dependencies:
    asynckit "^0.4.0"
    combined-stream "^1.0.8"
    mime-types "^2.1.12"

fsevents@2.3.2:
  version "2.3.2"
  resolved "https://artifactory.hootops.com:443/artifactory/api/npm/hootsuite-npm/fsevents/-/fsevents-2.3.2.tgz"
  integrity sha512-xiqMQR4xAeHTuB9uWm+fFRcIOgKBMiOBP+eXiyT7jsgVCq1bkVygt00oASowB7EdtpOHaaPgKt812P9ab+DDKA==

function-bind@^1.1.2:
  version "1.1.2"
  resolved "https://artifactory.hootops.com:443/artifactory/api/npm/hootsuite-npm/function-bind/-/function-bind-1.1.2.tgz#2c02d864d97f3ea6c8830c464cbd11ab6eab7a1c"
  integrity sha512-7XHNxH7qX9xG5mIwxkhumTox/MIRNcOgDrxWsMt2pAr23WHp6MrRlN7FBSFpCpr+oVO0F744iUgR82nJMfG2SA==

get-intrinsic@^1.0.2, get-intrinsic@^1.1.3, get-intrinsic@^1.2.1, get-intrinsic@^1.2.2:
  version "1.2.2"
  resolved "https://artifactory.hootops.com:443/artifactory/api/npm/hootsuite-npm/get-intrinsic/-/get-intrinsic-1.2.2.tgz#281b7622971123e1ef4b3c90fd7539306da93f3b"
  integrity sha512-0gSo4ml/0j98Y3lngkFEot/zhiCeWsbYIlZ+uZOVgzLyLaUw7wxUL+nCTP0XJvJg1AXulJRI3UJi8GsbDuxdGA==
  dependencies:
    function-bind "^1.1.2"
    has-proto "^1.0.1"
    has-symbols "^1.0.3"
    hasown "^2.0.0"

gopd@^1.0.1:
  version "1.0.1"
  resolved "https://artifactory.hootops.com:443/artifactory/api/npm/hootsuite-npm/gopd/-/gopd-1.0.1.tgz#29ff76de69dac7489b7c0918a5788e56477c332c"
  integrity sha512-d65bNlIadxvpb/A2abVdlqKqV563juRnZ1Wtk6s1sIR8uNsXR70xqIzVqxVf1eTqDunwT2MkczEeaezCKTZhwA==
  dependencies:
    get-intrinsic "^1.1.3"

has-property-descriptors@^1.0.0:
  version "1.0.1"
  resolved "https://artifactory.hootops.com:443/artifactory/api/npm/hootsuite-npm/has-property-descriptors/-/has-property-descriptors-1.0.1.tgz#52ba30b6c5ec87fd89fa574bc1c39125c6f65340"
  integrity sha512-VsX8eaIewvas0xnvinAe9bw4WfIeODpGYikiWYLH+dma0Jw6KHYqWiWfhQlgOVK8D6PvjubK5Uc4P0iIhIcNVg==
  dependencies:
    get-intrinsic "^1.2.2"

has-proto@^1.0.1:
  version "1.0.1"
  resolved "https://artifactory.hootops.com:443/artifactory/api/npm/hootsuite-npm/has-proto/-/has-proto-1.0.1.tgz#1885c1305538958aff469fef37937c22795408e0"
  integrity sha512-7qE+iP+O+bgF9clE5+UoBFzE65mlBiVj3tKCrlNQ0Ogwm0BjpT/gK4SlLYDMybDh5I3TCTKnPPa0oMG7JDYrhg==

has-symbols@^1.0.3:
  version "1.0.3"
  resolved "https://artifactory.hootops.com:443/artifactory/api/npm/hootsuite-npm/has-symbols/-/has-symbols-1.0.3.tgz#bb7b2c4349251dce87b125f7bdf874aa7c8b39f8"
  integrity sha512-l3LCuF6MgDNwTDKkdYGEihYjt5pRPbEg46rtlmnSPlUbgmB8LOIrKJbYYFBSbnPaJexMKtiPO8hmeRjRz2Td+A==

hasown@^2.0.0:
  version "2.0.0"
  resolved "https://artifactory.hootops.com:443/artifactory/api/npm/hootsuite-npm/hasown/-/hasown-2.0.0.tgz#f4c513d454a57b7c7e1650778de226b11700546c"
  integrity sha512-vUptKVTpIJhcczKBbgnS+RtcuYMB8+oNzPK2/Hp3hanz8JmpATdmmgLgSaadVREkDm+e2giHwY3ZRkyjSIDDFA==
  dependencies:
    function-bind "^1.1.2"

hsapi@^6.2370.0:
  version "6.2370.0"
  resolved "https://artifactory.hootops.com:443/artifactory/api/npm/hootsuite-npm/hsapi/-/hsapi-6.2370.0.tgz#9bacc0dc4419c8f77c06518d839c9c83368cfaeb"
  integrity sha512-+FpodlMD/8Nvs58v9QFZnW2Hdq4odLWKqBJ7a59K65G+k7b88MvdgBA4eZ61ALigUPCuqfi0AkO9y0f55EIh+Q==
  dependencies:
    hsrequest "4.2.1"

hsrequest@4.2.1:
  version "4.2.1"
  resolved "https://artifactory.hootops.com:443/artifactory/api/npm/hootsuite-npm/hsrequest/-/hsrequest-4.2.1.tgz#5e961f9f5d22ef4ab8ac2fbd9a5fa836df653322"
  integrity sha1-XpYfn10i70q4rC+9ml+oNt9lMyI=
  dependencies:
    needle "^3.0.0"
    qs "^6.10.1"
    retry "^0.13.1"

https-proxy-agent@^7.0.2:
  version "7.0.2"
  resolved "https://artifactory.hootops.com:443/artifactory/api/npm/hootsuite-npm/https-proxy-agent/-/https-proxy-agent-7.0.2.tgz#e2645b846b90e96c6e6f347fb5b2e41f1590b09b"
  integrity sha512-NmLNjm6ucYwtcUmL7JQC1ZQ57LmHP4lT15FQ8D61nak1rO6DH+fz5qNK2Ap5UN4ZapYICE3/0KodcLYSPsPbaA==
  dependencies:
    agent-base "^7.0.2"
    debug "4"

iconv-lite@^0.6.3:
  version "0.6.3"
  resolved "https://artifactory.hootops.com:443/artifactory/api/npm/hootsuite-npm/iconv-lite/-/iconv-lite-0.6.3.tgz#a52f80bf38da1952eb5c681790719871a1a72501"
  integrity sha512-4fCk79wshMdzMp2rH06qWrJE4iolqLhCUH+OiuIgU++RB0+94NlDL81atO7GX55uUKueo0txHNtvEyI6D7WdMw==
  dependencies:
    safer-buffer ">= 2.1.2 < 3.0.0"

mime-db@1.52.0:
  version "1.52.0"
  resolved "https://artifactory.hootops.com:443/artifactory/api/npm/hootsuite-npm/mime-db/-/mime-db-1.52.0.tgz"
  integrity sha512-sPU4uV7dYlvtWJxwwxHD0PuihVNiE7TyAbQ5SWxDCB9mUYvOgroQOwYQQOKPJ8CIbE+1ETVlOoK1UC2nU3gYvg==

mime-types@^2.1.12:
  version "2.1.35"
  resolved "https://artifactory.hootops.com:443/artifactory/api/npm/hootsuite-npm/mime-types/-/mime-types-2.1.35.tgz"
  integrity sha512-ZDY+bPm5zTTF+YpCrAU9nK0UgICYPT0QtT1NZWFv4s++TNkcgVaT0g6+4R2uI4MjQjzysHB1zxuWL50hzaeXiw==
  dependencies:
    mime-db "1.52.0"

moment-timezone@^0.5.34:
  version "0.5.43"
  resolved "https://artifactory.hootops.com:443/artifactory/api/npm/hootsuite-npm/moment-timezone/-/moment-timezone-0.5.43.tgz"
  integrity sha512-72j3aNyuIsDxdF1i7CEgV2FfxM1r6aaqJyLB2vwb33mXYyoyLly+F1zbWqhA3/bVIoJ4szlUoMbUnVdid32NUQ==
  dependencies:
    moment "^2.29.4"

moment@^2.29.4:
  version "2.29.4"
  resolved "https://artifactory.hootops.com:443/artifactory/api/npm/hootsuite-npm/moment/-/moment-2.29.4.tgz"
  integrity sha512-5LC9SOxjSc2HF6vO2CyuTDNivEdoz2IvyJJGj6X8DJ0eFyfszE0QiEd+iXmBvUP3WHxSjFH/vIsA0EN00cgr8w==

ms@2.1.2:
  version "2.1.2"
  resolved "https://artifactory.hootops.com:443/artifactory/api/npm/hootsuite-npm/ms/-/ms-2.1.2.tgz"
  integrity sha512-sGkPx+VjMtmA6MX27oA4FBFELFCZZ4S4XqeGOXCv68tT+jb3vk/RyaKWP0PTKyWtmLSM0b+adUTEvbs1PEaH2w==

ms@^2.1.1:
  version "2.1.3"
  resolved "https://artifactory.hootops.com:443/artifactory/api/npm/hootsuite-npm/ms/-/ms-2.1.3.tgz#574c8138ce1d2b5861f0b44579dbadd60c6615b2"
  integrity sha512-6FlzubTLZG3J2a/NVCAleEhjzq5oxgHyaCU9yYXvcLsvoVaHJq/s5xXI6/XXP6tz7R9xAOtHnSO/tXtF3WRTlA==

needle@^3.0.0:
  version "3.2.0"
  resolved "https://artifactory.hootops.com:443/artifactory/api/npm/hootsuite-npm/needle/-/needle-3.2.0.tgz#07d240ebcabfd65c76c03afae7f6defe6469df44"
  integrity sha512-oUvzXnyLiVyVGoianLijF9O/RecZUf7TkBfimjGrLM4eQhXyeJwM6GeAWccwfQ9aa4gMCZKqhAOuLaMIcQxajQ==
  dependencies:
    debug "^3.2.6"
    iconv-lite "^0.6.3"
    sax "^1.2.4"

object-inspect@^1.9.0:
  version "1.13.1"
  resolved "https://artifactory.hootops.com:443/artifactory/api/npm/hootsuite-npm/object-inspect/-/object-inspect-1.13.1.tgz#b96c6109324ccfef6b12216a956ca4dc2ff94bc2"
  integrity sha512-5qoj1RUiKOMsCCNLV1CBiPYE10sziTsnmNxkAI/rZhiD63CF7IqdFGC/XzjWjpSgLf0LxXX3bDFIh0E18f6UhQ==

playwright-core@1.38.1:
  version "1.38.1"
  resolved "https://artifactory.hootops.com:443/artifactory/api/npm/hootsuite-npm/playwright-core/-/playwright-core-1.38.1.tgz"
  integrity sha512-tQqNFUKa3OfMf4b2jQ7aGLB8o9bS3bOY0yMEtldtC2+spf8QXG9zvXLTXUeRsoNuxEYMgLYR+NXfAa1rjKRcrg==

playwright@1.38.1:
  version "1.38.1"
  resolved "https://artifactory.hootops.com:443/artifactory/api/npm/hootsuite-npm/playwright/-/playwright-1.38.1.tgz"
  integrity sha512-oRMSJmZrOu1FP5iu3UrCx8JEFRIMxLDM0c/3o4bpzU5Tz97BypefWf7TuTNPWeCe279TPal5RtPPZ+9lW/Qkow==
  dependencies:
    playwright-core "1.38.1"
  optionalDependencies:
    fsevents "2.3.2"

proxy-from-env@^1.1.0:
  version "1.1.0"
  resolved "https://artifactory.hootops.com:443/artifactory/api/npm/hootsuite-npm/proxy-from-env/-/proxy-from-env-1.1.0.tgz"
  integrity sha512-D+zkORCbA9f1tdWRK0RaCR3GPv50cMxcrz4X8k5LTSUD1Dkw47mKJEZQNunItRTkWwgtaUSo1RVFRIG9ZXiFYg==

qs@^6.10.1:
  version "6.11.2"
  resolved "https://artifactory.hootops.com:443/artifactory/api/npm/hootsuite-npm/qs/-/qs-6.11.2.tgz#64bea51f12c1f5da1bc01496f48ffcff7c69d7d9"
  integrity sha512-tDNIz22aBzCDxLtVH++VnTfzxlfeK5CbqohpSqpJgj1Wg/cQbStNAz3NuqCs5vV+pjBsK4x4pN9HlVh7rcYRiA==
  dependencies:
    side-channel "^1.0.4"

queue-tick@^1.0.1:
  version "1.0.1"
  resolved "https://artifactory.hootops.com:443/artifactory/api/npm/hootsuite-npm/queue-tick/-/queue-tick-1.0.1.tgz"
  integrity sha512-kJt5qhMxoszgU/62PLP1CJytzd2NKetjSRnyuj31fDd3Rlcz3fzlFdFLD1SItunPwyqEOkca6GbV612BWfaBag==

retry@^0.13.1:
  version "0.13.1"
  resolved "https://artifactory.hootops.com:443/artifactory/api/npm/hootsuite-npm/retry/-/retry-0.13.1.tgz#185b1587acf67919d63b357349e03537b2484658"
  integrity sha512-XQBQ3I8W1Cge0Seh+6gjj03LbmRFWuoszgK9ooCpwYIrhhoO80pfq4cUkU5DkknwfOfFteRwlZ56PYOGYyFWdg==

"safer-buffer@>= 2.1.2 < 3.0.0":
  version "2.1.2"
  resolved "https://artifactory.hootops.com:443/artifactory/api/npm/hootsuite-npm/safer-buffer/-/safer-buffer-2.1.2.tgz#44fa161b0187b9549dd84bb91802f9bd8385cd6a"
  integrity sha512-YZo3K82SD7Riyi0E1EQPojLz7kpepnSQI9IyPbHHg1XXXevb5dJI7tpyN2ADxGcQbHG7vcyRHk0cbwqcQriUtg==

saucectl@^0.164.3:
  version "0.164.3"
  resolved "https://artifactory.hootops.com:443/artifactory/api/npm/hootsuite-npm/saucectl/-/saucectl-0.164.3.tgz#cba71d22777ea0295cac10425051c89f8b0728a4"
  integrity sha512-vwO3jaj7zBsgg/H46n1I0fBvVVZzRJFM3g2FdUV7iSF+mqEzs9enz5ups8T4nI/I95hWUmWoYdMmbIgI13G6Zw==
  dependencies:
    "@saucelabs/bin-wrapper" "^1.0.0"

sax@^1.2.4:
  version "1.3.0"
  resolved "https://artifactory.hootops.com:443/artifactory/api/npm/hootsuite-npm/sax/-/sax-1.3.0.tgz#a5dbe77db3be05c9d1ee7785dbd3ea9de51593d0"
  integrity sha512-0s+oAmw9zLl1V1cS9BtZN7JAd0cW5e0QH4W3LWEK6a4LaLEA2OTpGYWDY+6XasBLtz6wkm3u1xRw95mRuJ59WA==

set-function-length@^1.1.1:
  version "1.1.1"
  resolved "https://artifactory.hootops.com:443/artifactory/api/npm/hootsuite-npm/set-function-length/-/set-function-length-1.1.1.tgz#4bc39fafb0307224a33e106a7d35ca1218d659ed"
  integrity sha512-VoaqjbBJKiWtg4yRcKBQ7g7wnGnLV3M8oLvVWwOk2PdYY6PEFegR1vezXR0tw6fZGF9csVakIRjrJiy2veSBFQ==
  dependencies:
    define-data-property "^1.1.1"
    get-intrinsic "^1.2.1"
    gopd "^1.0.1"
    has-property-descriptors "^1.0.0"

side-channel@^1.0.4:
  version "1.0.4"
  resolved "https://artifactory.hootops.com:443/artifactory/api/npm/hootsuite-npm/side-channel/-/side-channel-1.0.4.tgz#efce5c8fdc104ee751b25c58d4290011fa5ea2cf"
  integrity sha512-q5XPytqFEIKHkGdiMIrY10mvLRvnQh42/+GoBlFW3b2LXLE2xxJpZFdm94we0BaoV3RwJyGqg5wS7epxTv0Zvw==
  dependencies:
    call-bind "^1.0.0"
    get-intrinsic "^1.0.2"
    object-inspect "^1.9.0"

streamx@^2.15.0:
  version "2.15.1"
  resolved "https://artifactory.hootops.com:443/artifactory/api/npm/hootsuite-npm/streamx/-/streamx-2.15.1.tgz"
  integrity sha512-fQMzy2O/Q47rgwErk/eGeLu/roaFWV0jVsogDmrszM9uIw8L5OA+t+V93MgYlufNptfjmYR1tOMWhei/Eh7TQA==
  dependencies:
    fast-fifo "^1.1.0"
    queue-tick "^1.0.1"

tar-stream@^3.1.6:
  version "3.1.6"
  resolved "https://artifactory.hootops.com:443/artifactory/api/npm/hootsuite-npm/tar-stream/-/tar-stream-3.1.6.tgz#6520607b55a06f4a2e2e04db360ba7d338cc5bab"
  integrity sha512-B/UyjYwPpMBv+PaFSWAmtYjwdrlEaZQEhMIBFNC5oEG8lpiW8XjcSdmEaClj28ArfKScKHs2nshz3k2le6crsg==
  dependencies:
    b4a "^1.6.4"
    fast-fifo "^1.2.0"
    streamx "^2.15.0"
